
Microsoft Visual Studio Solution File, Format Version 12.00
# Visual Studio 15
VisualStudioVersion = 15.0.27130.2010
MinimumVisualStudioVersion = 10.0.40219.1
Project("{FAE04EC0-301F-11D3-BF4B-00C04F79EFBC}") = "SeaBattleWPF", "SeaBattleWPF\SeaBattleWPF.csproj", "{0E7BBE2F-5B2E-4E75-831F-848C7B707B43}"
EndProject
Project("{2150E333-8FDC-42A3-9474-1A3956D46DE8}") = "Tests", "Tests", "{A50363C0-871E-4CC5-8A87-33E59BBAFFD7}"
EndProject
Project("{FAE04EC0-301F-11D3-BF4B-00C04F79EFBC}") = "SeaBattleWPF.Core", "SeaBattleWPF.Core\SeaBattleWPF.Core.csproj", "{B0E81E75-9F5A-42A7-A177-1180CE084F29}"
EndProject
Project("{FAE04EC0-301F-11D3-BF4B-00C04F79EFBC}") = "SeaBattleWPF.Core.Test", "SeaBattleWPF.Core.Test\SeaBattleWPF.Core.Test.csproj", "{5106710C-DBC3-449F-9FAD-DD646C6E4996}"
EndProject
Global
	GlobalSection(SolutionConfigurationPlatforms) = preSolution
		Debug|Any CPU = Debug|Any CPU
		Release|Any CPU = Release|Any CPU
	EndGlobalSection
	GlobalSection(ProjectConfigurationPlatforms) = postSolution
		{0E7BBE2F-5B2E-4E75-831F-848C7B707B43}.Debug|Any CPU.ActiveCfg = Debug|Any CPU
		{0E7BBE2F-5B2E-4E75-831F-848C7B707B43}.Debug|Any CPU.Build.0 = Debug|Any CPU
		{0E7BBE2F-5B2E-4E75-831F-848C7B707B43}.Release|Any CPU.ActiveCfg = Release|Any CPU
		{0E7BBE2F-5B2E-4E75-831F-848C7B707B43}.Release|Any CPU.Build.0 = Release|Any CPU
		{B0E81E75-9F5A-42A7-A177-1180CE084F29}.Debug|Any CPU.ActiveCfg = Debug|Any CPU
		{B0E81E75-9F5A-42A7-A177-1180CE084F29}.Debug|Any CPU.Build.0 = Debug|Any CPU
		{B0E81E75-9F5A-42A7-A177-1180CE084F29}.Release|Any CPU.ActiveCfg = Release|Any CPU
		{B0E81E75-9F5A-42A7-A177-1180CE084F29}.Release|Any CPU.Build.0 = Release|Any CPU
		{5106710C-DBC3-449F-9FAD-DD646C6E4996}.Debug|Any CPU.ActiveCfg = Debug|Any CPU
		{5106710C-DBC3-449F-9FAD-DD646C6E4996}.Debug|Any CPU.Build.0 = Debug|Any CPU
		{5106710C-DBC3-449F-9FAD-DD646C6E4996}.Release|Any CPU.ActiveCfg = Release|Any CPU
		{5106710C-DBC3-449F-9FAD-DD646C6E4996}.Release|Any CPU.Build.0 = Release|Any CPU
	EndGlobalSection
	GlobalSection(SolutionProperties) = preSolution
		HideSolutionNode = FALSE
	EndGlobalSection
	GlobalSection(NestedProjects) = preSolution
		{5106710C-DBC3-449F-9FAD-DD646C6E4996} = {A50363C0-871E-4CC5-8A87-33E59BBAFFD7}
	EndGlobalSection
	GlobalSection(ExtensibilityGlobals) = postSolution
		SolutionGuid = {FB1D39B6-1E11-484F-AE5A-FA1269046833}
	EndGlobalSection
EndGlobal
