
Microsoft Visual Studio Solution File, Format Version 12.00
# Visual Studio 15
VisualStudioVersion = 15.0.27130.2024
MinimumVisualStudioVersion = 10.0.40219.1
Project("{FAE04EC0-301F-11D3-BF4B-00C04F79EFBC}") = "SeaBattleWPF", "SeaBattleWPF\SeaBattleWPF.csproj", "{0E7BBE2F-5B2E-4E75-831F-848C7B707B43}"
EndProject
Project("{FAE04EC0-301F-11D3-BF4B-00C04F79EFBC}") = "SeaBattleWPF.Core", "SeaBattleWPF.Core\SeaBattleWPF.Core.csproj", "{B0E81E75-9F5A-42A7-A177-1180CE084F29}"
EndProject
Project("{FAE04EC0-301F-11D3-BF4B-00C04F79EFBC}") = "SeaBattle.Engine", "SeaBattle.Engine\SeaBattle.Engine.csproj", "{F90513EE-0A61-424F-81C8-41A1BCD24C6A}"
EndProject
Project("{FAE04EC0-301F-11D3-BF4B-00C04F79EFBC}") = "SeaBattle.Engine.Test", "SeaBattle.Engine.Test\SeaBattle.Engine.Test.csproj", "{3FB1BEE6-7479-45C7-BFC7-0E2B25307CC7}"
EndProject
Global
	GlobalSection(SolutionConfigurationPlatforms) = preSolution
		Debug|Any CPU = Debug|Any CPU
		Release|Any CPU = Release|Any CPU
	EndGlobalSection
	GlobalSection(ProjectConfigurationPlatforms) = postSolution
		{0E7BBE2F-5B2E-4E75-831F-848C7B707B43}.Debug|Any CPU.ActiveCfg = Debug|Any CPU
		{0E7BBE2F-5B2E-4E75-831F-848C7B707B43}.Debug|Any CPU.Build.0 = Debug|Any CPU
		{0E7BBE2F-5B2E-4E75-831F-848C7B707B43}.Release|Any CPU.ActiveCfg = Release|Any CPU
		{0E7BBE2F-5B2E-4E75-831F-848C7B707B43}.Release|Any CPU.Build.0 = Release|Any CPU
		{B0E81E75-9F5A-42A7-A177-1180CE084F29}.Debug|Any CPU.ActiveCfg = Debug|Any CPU
		{B0E81E75-9F5A-42A7-A177-1180CE084F29}.Debug|Any CPU.Build.0 = Debug|Any CPU
		{B0E81E75-9F5A-42A7-A177-1180CE084F29}.Release|Any CPU.ActiveCfg = Release|Any CPU
		{B0E81E75-9F5A-42A7-A177-1180CE084F29}.Release|Any CPU.Build.0 = Release|Any CPU
		{F90513EE-0A61-424F-81C8-41A1BCD24C6A}.Debug|Any CPU.ActiveCfg = Debug|Any CPU
		{F90513EE-0A61-424F-81C8-41A1BCD24C6A}.Debug|Any CPU.Build.0 = Debug|Any CPU
		{F90513EE-0A61-424F-81C8-41A1BCD24C6A}.Release|Any CPU.ActiveCfg = Release|Any CPU
		{F90513EE-0A61-424F-81C8-41A1BCD24C6A}.Release|Any CPU.Build.0 = Release|Any CPU
		{3FB1BEE6-7479-45C7-BFC7-0E2B25307CC7}.Debug|Any CPU.ActiveCfg = Debug|Any CPU
		{3FB1BEE6-7479-45C7-BFC7-0E2B25307CC7}.Debug|Any CPU.Build.0 = Debug|Any CPU
		{3FB1BEE6-7479-45C7-BFC7-0E2B25307CC7}.Release|Any CPU.ActiveCfg = Release|Any CPU
		{3FB1BEE6-7479-45C7-BFC7-0E2B25307CC7}.Release|Any CPU.Build.0 = Release|Any CPU
	EndGlobalSection
	GlobalSection(SolutionProperties) = preSolution
		HideSolutionNode = FALSE
	EndGlobalSection
	GlobalSection(ExtensibilityGlobals) = postSolution
		SolutionGuid = {FB1D39B6-1E11-484F-AE5A-FA1269046833}
	EndGlobalSection
EndGlobal
